{
  "name": "greentit",
  "version": "1.0.0",
  "lockfileVersion": 1,
  "requires": true,
  "dependencies": {
    "nano-server": {
      "version": "git+https://github.com/themineraria/nano-server.git#8667867991158c9c1d72ff9ea40cd35aa8885660",
      "from": "git+https://github.com/themineraria/nano-server.git"
    }
  }
}
